
Microsoft Visual Studio Solution File, Format Version 12.00
# Visual Studio 15
VisualStudioVersion = 15.0.26124.0
MinimumVisualStudioVersion = 15.0.26124.0
Project("{9A19103F-16F7-4668-BE54-9A1E7A4F7556}") = "R5T.Teutonia.Standard.Construction", "R5T.Teutonia.Standard.Construction\R5T.Teutonia.Standard.Construction.csproj", "{02655802-85DC-4D55-9C02-196E7626A833}"
EndProject
Project("{9A19103F-16F7-4668-BE54-9A1E7A4F7556}") = "R5T.Teutonia.Standard", "R5T.Teutonia.Standard\R5T.Teutonia.Standard.csproj", "{A9D81C29-3519-4524-8A06-08AB988B0EE3}"
EndProject
Project("{9A19103F-16F7-4668-BE54-9A1E7A4F7556}") = "R5T.Teutonia.Standard.Testing", "R5T.Teutonia.Standard.Testing\R5T.Teutonia.Standard.Testing.csproj", "{B8A0649D-CCD1-44A9-BE69-48826A3D86D2}"
EndProject
Project("{2150E333-8FDC-42A3-9474-1A3956D46DE8}") = "_Dependencies", "_Dependencies", "{A3F99177-C1FA-46D8-ACD2-CEB35B598919}"
EndProject
Project("{9A19103F-16F7-4668-BE54-9A1E7A4F7556}") = "R5T.Teutonia.Default", "..\..\R5T.Teutonia.Default\source\R5T.Teutonia.Default\R5T.Teutonia.Default.csproj", "{6A47FD85-5B6F-4456-B7E7-AC8051C190DB}"
EndProject
Project("{9A19103F-16F7-4668-BE54-9A1E7A4F7556}") = "R5T.Dacia.Extensions", "..\..\R5T.Dacia.Extensions\source\R5T.Dacia.Extensions\R5T.Dacia.Extensions.csproj", "{A1128A4A-17E4-484D-BDF8-A6C11DCAE856}"
EndProject
Project("{9A19103F-16F7-4668-BE54-9A1E7A4F7556}") = "R5T.Dacia", "..\..\R5T.Dacia\source\R5T.Dacia\R5T.Dacia.csproj", "{5823DFA4-0249-4359-AA31-9A8F51C531E4}"
EndProject
Project("{9A19103F-16F7-4668-BE54-9A1E7A4F7556}") = "R5T.Gepidia.Lombardy", "..\..\R5T.Gepidia.Lombardy\source\R5T.Gepidia.Lombardy\R5T.Gepidia.Lombardy.csproj", "{C93EB8BE-F373-4728-834D-771D16021BF9}"
EndProject
Project("{9A19103F-16F7-4668-BE54-9A1E7A4F7556}") = "R5T.Gepidia.Base", "..\..\R5T.Gepidia.Base\source\R5T.Gepidia.Base\R5T.Gepidia.Base.csproj", "{8849D081-D5F0-4B86-9DD1-60D504132CBB}"
EndProject
Project("{9A19103F-16F7-4668-BE54-9A1E7A4F7556}") = "R5T.Lombardy.Base", "..\..\R5T.Lombardy.Base\source\R5T.Lombardy.Base\R5T.Lombardy.Base.csproj", "{4F3B7998-1494-4CCF-9255-47ADC625F6B5}"
EndProject
Project("{9A19103F-16F7-4668-BE54-9A1E7A4F7556}") = "R5T.Teutonia.Base", "..\..\R5T.Teutonia.Base\source\R5T.Teutonia.Base\R5T.Teutonia.Base.csproj", "{3B285DCB-1610-4DD7-962C-D2B5CC00F50E}"
EndProject
Project("{9A19103F-16F7-4668-BE54-9A1E7A4F7556}") = "R5T.Cherusci", "..\..\R5T.Cherusci\source\R5T.Cherusci\R5T.Cherusci.csproj", "{01B3755D-E27A-45EB-85FD-18BEDF8DF49F}"
EndProject
Project("{9A19103F-16F7-4668-BE54-9A1E7A4F7556}") = "R5T.Magyar", "..\..\R5T.Magyar\source\R5T.Magyar\R5T.Magyar.csproj", "{788F945C-A446-4972-9F2F-5B2EB4C16A30}"
EndProject
Project("{9A19103F-16F7-4668-BE54-9A1E7A4F7556}") = "R5T.Rugia", "..\..\R5T.Rugia\source\R5T.Rugia\R5T.Rugia.csproj", "{86D85EB3-5B28-4D10-8DE0-976A34F40253}"
EndProject
Project("{9A19103F-16F7-4668-BE54-9A1E7A4F7556}") = "R5T.Rugia.Base", "..\..\R5T.Rugia.Base\source\R5T.Rugia.Base\R5T.Rugia.Base.csproj", "{AE7C9FAA-2D8E-45E4-B9DF-916A8627DB6E}"
EndProject
Project("{9A19103F-16F7-4668-BE54-9A1E7A4F7556}") = "R5T.Lombardy.Standard", "..\..\R5T.Lombardy.Standard\source\R5T.Lombardy.Standard\R5T.Lombardy.Standard.csproj", "{59391D96-FA4C-488E-9236-34D8181729EE}"
EndProject
Project("{9A19103F-16F7-4668-BE54-9A1E7A4F7556}") = "R5T.Lombardy", "..\..\R5T.Lombardy\source\R5T.Lombardy\R5T.Lombardy.csproj", "{B9E88A77-BFBB-43FC-86FB-5AC35EC4CE32}"
EndProject
Global
	GlobalSection(SolutionConfigurationPlatforms) = preSolution
		Debug|Any CPU = Debug|Any CPU
		Debug|x64 = Debug|x64
		Debug|x86 = Debug|x86
		Release|Any CPU = Release|Any CPU
		Release|x64 = Release|x64
		Release|x86 = Release|x86
	EndGlobalSection
	GlobalSection(ProjectConfigurationPlatforms) = postSolution
		{02655802-85DC-4D55-9C02-196E7626A833}.Debug|Any CPU.ActiveCfg = Debug|Any CPU
		{02655802-85DC-4D55-9C02-196E7626A833}.Debug|Any CPU.Build.0 = Debug|Any CPU
		{02655802-85DC-4D55-9C02-196E7626A833}.Debug|x64.ActiveCfg = Debug|Any CPU
		{02655802-85DC-4D55-9C02-196E7626A833}.Debug|x64.Build.0 = Debug|Any CPU
		{02655802-85DC-4D55-9C02-196E7626A833}.Debug|x86.ActiveCfg = Debug|Any CPU
		{02655802-85DC-4D55-9C02-196E7626A833}.Debug|x86.Build.0 = Debug|Any CPU
		{02655802-85DC-4D55-9C02-196E7626A833}.Release|Any CPU.ActiveCfg = Release|Any CPU
		{02655802-85DC-4D55-9C02-196E7626A833}.Release|Any CPU.Build.0 = Release|Any CPU
		{02655802-85DC-4D55-9C02-196E7626A833}.Release|x64.ActiveCfg = Release|Any CPU
		{02655802-85DC-4D55-9C02-196E7626A833}.Release|x64.Build.0 = Release|Any CPU
		{02655802-85DC-4D55-9C02-196E7626A833}.Release|x86.ActiveCfg = Release|Any CPU
		{02655802-85DC-4D55-9C02-196E7626A833}.Release|x86.Build.0 = Release|Any CPU
		{A9D81C29-3519-4524-8A06-08AB988B0EE3}.Debug|Any CPU.ActiveCfg = Debug|Any CPU
		{A9D81C29-3519-4524-8A06-08AB988B0EE3}.Debug|Any CPU.Build.0 = Debug|Any CPU
		{A9D81C29-3519-4524-8A06-08AB988B0EE3}.Debug|x64.ActiveCfg = Debug|Any CPU
		{A9D81C29-3519-4524-8A06-08AB988B0EE3}.Debug|x64.Build.0 = Debug|Any CPU
		{A9D81C29-3519-4524-8A06-08AB988B0EE3}.Debug|x86.ActiveCfg = Debug|Any CPU
		{A9D81C29-3519-4524-8A06-08AB988B0EE3}.Debug|x86.Build.0 = Debug|Any CPU
		{A9D81C29-3519-4524-8A06-08AB988B0EE3}.Release|Any CPU.ActiveCfg = Release|Any CPU
		{A9D81C29-3519-4524-8A06-08AB988B0EE3}.Release|Any CPU.Build.0 = Release|Any CPU
		{A9D81C29-3519-4524-8A06-08AB988B0EE3}.Release|x64.ActiveCfg = Release|Any CPU
		{A9D81C29-3519-4524-8A06-08AB988B0EE3}.Release|x64.Build.0 = Release|Any CPU
		{A9D81C29-3519-4524-8A06-08AB988B0EE3}.Release|x86.ActiveCfg = Release|Any CPU
		{A9D81C29-3519-4524-8A06-08AB988B0EE3}.Release|x86.Build.0 = Release|Any CPU
		{B8A0649D-CCD1-44A9-BE69-48826A3D86D2}.Debug|Any CPU.ActiveCfg = Debug|Any CPU
		{B8A0649D-CCD1-44A9-BE69-48826A3D86D2}.Debug|Any CPU.Build.0 = Debug|Any CPU
		{B8A0649D-CCD1-44A9-BE69-48826A3D86D2}.Debug|x64.ActiveCfg = Debug|Any CPU
		{B8A0649D-CCD1-44A9-BE69-48826A3D86D2}.Debug|x64.Build.0 = Debug|Any CPU
		{B8A0649D-CCD1-44A9-BE69-48826A3D86D2}.Debug|x86.ActiveCfg = Debug|Any CPU
		{B8A0649D-CCD1-44A9-BE69-48826A3D86D2}.Debug|x86.Build.0 = Debug|Any CPU
		{B8A0649D-CCD1-44A9-BE69-48826A3D86D2}.Release|Any CPU.ActiveCfg = Release|Any CPU
		{B8A0649D-CCD1-44A9-BE69-48826A3D86D2}.Release|Any CPU.Build.0 = Release|Any CPU
		{B8A0649D-CCD1-44A9-BE69-48826A3D86D2}.Release|x64.ActiveCfg = Release|Any CPU
		{B8A0649D-CCD1-44A9-BE69-48826A3D86D2}.Release|x64.Build.0 = Release|Any CPU
		{B8A0649D-CCD1-44A9-BE69-48826A3D86D2}.Release|x86.ActiveCfg = Release|Any CPU
		{B8A0649D-CCD1-44A9-BE69-48826A3D86D2}.Release|x86.Build.0 = Release|Any CPU
		{6A47FD85-5B6F-4456-B7E7-AC8051C190DB}.Debug|Any CPU.ActiveCfg = Debug|Any CPU
		{6A47FD85-5B6F-4456-B7E7-AC8051C190DB}.Debug|Any CPU.Build.0 = Debug|Any CPU
		{6A47FD85-5B6F-4456-B7E7-AC8051C190DB}.Debug|x64.ActiveCfg = Debug|Any CPU
		{6A47FD85-5B6F-4456-B7E7-AC8051C190DB}.Debug|x64.Build.0 = Debug|Any CPU
		{6A47FD85-5B6F-4456-B7E7-AC8051C190DB}.Debug|x86.ActiveCfg = Debug|Any CPU
		{6A47FD85-5B6F-4456-B7E7-AC8051C190DB}.Debug|x86.Build.0 = Debug|Any CPU
		{6A47FD85-5B6F-4456-B7E7-AC8051C190DB}.Release|Any CPU.ActiveCfg = Release|Any CPU
		{6A47FD85-5B6F-4456-B7E7-AC8051C190DB}.Release|Any CPU.Build.0 = Release|Any CPU
		{6A47FD85-5B6F-4456-B7E7-AC8051C190DB}.Release|x64.ActiveCfg = Release|Any CPU
		{6A47FD85-5B6F-4456-B7E7-AC8051C190DB}.Release|x64.Build.0 = Release|Any CPU
		{6A47FD85-5B6F-4456-B7E7-AC8051C190DB}.Release|x86.ActiveCfg = Release|Any CPU
		{6A47FD85-5B6F-4456-B7E7-AC8051C190DB}.Release|x86.Build.0 = Release|Any CPU
		{A1128A4A-17E4-484D-BDF8-A6C11DCAE856}.Debug|Any CPU.ActiveCfg = Debug|Any CPU
		{A1128A4A-17E4-484D-BDF8-A6C11DCAE856}.Debug|Any CPU.Build.0 = Debug|Any CPU
		{A1128A4A-17E4-484D-BDF8-A6C11DCAE856}.Debug|x64.ActiveCfg = Debug|Any CPU
		{A1128A4A-17E4-484D-BDF8-A6C11DCAE856}.Debug|x64.Build.0 = Debug|Any CPU
		{A1128A4A-17E4-484D-BDF8-A6C11DCAE856}.Debug|x86.ActiveCfg = Debug|Any CPU
		{A1128A4A-17E4-484D-BDF8-A6C11DCAE856}.Debug|x86.Build.0 = Debug|Any CPU
		{A1128A4A-17E4-484D-BDF8-A6C11DCAE856}.Release|Any CPU.ActiveCfg = Release|Any CPU
		{A1128A4A-17E4-484D-BDF8-A6C11DCAE856}.Release|Any CPU.Build.0 = Release|Any CPU
		{A1128A4A-17E4-484D-BDF8-A6C11DCAE856}.Release|x64.ActiveCfg = Release|Any CPU
		{A1128A4A-17E4-484D-BDF8-A6C11DCAE856}.Release|x64.Build.0 = Release|Any CPU
		{A1128A4A-17E4-484D-BDF8-A6C11DCAE856}.Release|x86.ActiveCfg = Release|Any CPU
		{A1128A4A-17E4-484D-BDF8-A6C11DCAE856}.Release|x86.Build.0 = Release|Any CPU
		{5823DFA4-0249-4359-AA31-9A8F51C531E4}.Debug|Any CPU.ActiveCfg = Debug|Any CPU
		{5823DFA4-0249-4359-AA31-9A8F51C531E4}.Debug|Any CPU.Build.0 = Debug|Any CPU
		{5823DFA4-0249-4359-AA31-9A8F51C531E4}.Debug|x64.ActiveCfg = Debug|Any CPU
		{5823DFA4-0249-4359-AA31-9A8F51C531E4}.Debug|x64.Build.0 = Debug|Any CPU
		{5823DFA4-0249-4359-AA31-9A8F51C531E4}.Debug|x86.ActiveCfg = Debug|Any CPU
		{5823DFA4-0249-4359-AA31-9A8F51C531E4}.Debug|x86.Build.0 = Debug|Any CPU
		{5823DFA4-0249-4359-AA31-9A8F51C531E4}.Release|Any CPU.ActiveCfg = Release|Any CPU
		{5823DFA4-0249-4359-AA31-9A8F51C531E4}.Release|Any CPU.Build.0 = Release|Any CPU
		{5823DFA4-0249-4359-AA31-9A8F51C531E4}.Release|x64.ActiveCfg = Release|Any CPU
		{5823DFA4-0249-4359-AA31-9A8F51C531E4}.Release|x64.Build.0 = Release|Any CPU
		{5823DFA4-0249-4359-AA31-9A8F51C531E4}.Release|x86.ActiveCfg = Release|Any CPU
		{5823DFA4-0249-4359-AA31-9A8F51C531E4}.Release|x86.Build.0 = Release|Any CPU
		{C93EB8BE-F373-4728-834D-771D16021BF9}.Debug|Any CPU.ActiveCfg = Debug|Any CPU
		{C93EB8BE-F373-4728-834D-771D16021BF9}.Debug|Any CPU.Build.0 = Debug|Any CPU
		{C93EB8BE-F373-4728-834D-771D16021BF9}.Debug|x64.ActiveCfg = Debug|Any CPU
		{C93EB8BE-F373-4728-834D-771D16021BF9}.Debug|x64.Build.0 = Debug|Any CPU
		{C93EB8BE-F373-4728-834D-771D16021BF9}.Debug|x86.ActiveCfg = Debug|Any CPU
		{C93EB8BE-F373-4728-834D-771D16021BF9}.Debug|x86.Build.0 = Debug|Any CPU
		{C93EB8BE-F373-4728-834D-771D16021BF9}.Release|Any CPU.ActiveCfg = Release|Any CPU
		{C93EB8BE-F373-4728-834D-771D16021BF9}.Release|Any CPU.Build.0 = Release|Any CPU
		{C93EB8BE-F373-4728-834D-771D16021BF9}.Release|x64.ActiveCfg = Release|Any CPU
		{C93EB8BE-F373-4728-834D-771D16021BF9}.Release|x64.Build.0 = Release|Any CPU
		{C93EB8BE-F373-4728-834D-771D16021BF9}.Release|x86.ActiveCfg = Release|Any CPU
		{C93EB8BE-F373-4728-834D-771D16021BF9}.Release|x86.Build.0 = Release|Any CPU
		{8849D081-D5F0-4B86-9DD1-60D504132CBB}.Debug|Any CPU.ActiveCfg = Debug|Any CPU
		{8849D081-D5F0-4B86-9DD1-60D504132CBB}.Debug|Any CPU.Build.0 = Debug|Any CPU
		{8849D081-D5F0-4B86-9DD1-60D504132CBB}.Debug|x64.ActiveCfg = Debug|Any CPU
		{8849D081-D5F0-4B86-9DD1-60D504132CBB}.Debug|x64.Build.0 = Debug|Any CPU
		{8849D081-D5F0-4B86-9DD1-60D504132CBB}.Debug|x86.ActiveCfg = Debug|Any CPU
		{8849D081-D5F0-4B86-9DD1-60D504132CBB}.Debug|x86.Build.0 = Debug|Any CPU
		{8849D081-D5F0-4B86-9DD1-60D504132CBB}.Release|Any CPU.ActiveCfg = Release|Any CPU
		{8849D081-D5F0-4B86-9DD1-60D504132CBB}.Release|Any CPU.Build.0 = Release|Any CPU
		{8849D081-D5F0-4B86-9DD1-60D504132CBB}.Release|x64.ActiveCfg = Release|Any CPU
		{8849D081-D5F0-4B86-9DD1-60D504132CBB}.Release|x64.Build.0 = Release|Any CPU
		{8849D081-D5F0-4B86-9DD1-60D504132CBB}.Release|x86.ActiveCfg = Release|Any CPU
		{8849D081-D5F0-4B86-9DD1-60D504132CBB}.Release|x86.Build.0 = Release|Any CPU
		{4F3B7998-1494-4CCF-9255-47ADC625F6B5}.Debug|Any CPU.ActiveCfg = Debug|Any CPU
		{4F3B7998-1494-4CCF-9255-47ADC625F6B5}.Debug|Any CPU.Build.0 = Debug|Any CPU
		{4F3B7998-1494-4CCF-9255-47ADC625F6B5}.Debug|x64.ActiveCfg = Debug|Any CPU
		{4F3B7998-1494-4CCF-9255-47ADC625F6B5}.Debug|x64.Build.0 = Debug|Any CPU
		{4F3B7998-1494-4CCF-9255-47ADC625F6B5}.Debug|x86.ActiveCfg = Debug|Any CPU
		{4F3B7998-1494-4CCF-9255-47ADC625F6B5}.Debug|x86.Build.0 = Debug|Any CPU
		{4F3B7998-1494-4CCF-9255-47ADC625F6B5}.Release|Any CPU.ActiveCfg = Release|Any CPU
		{4F3B7998-1494-4CCF-9255-47ADC625F6B5}.Release|Any CPU.Build.0 = Release|Any CPU
		{4F3B7998-1494-4CCF-9255-47ADC625F6B5}.Release|x64.ActiveCfg = Release|Any CPU
		{4F3B7998-1494-4CCF-9255-47ADC625F6B5}.Release|x64.Build.0 = Release|Any CPU
		{4F3B7998-1494-4CCF-9255-47ADC625F6B5}.Release|x86.ActiveCfg = Release|Any CPU
		{4F3B7998-1494-4CCF-9255-47ADC625F6B5}.Release|x86.Build.0 = Release|Any CPU
		{3B285DCB-1610-4DD7-962C-D2B5CC00F50E}.Debug|Any CPU.ActiveCfg = Debug|Any CPU
		{3B285DCB-1610-4DD7-962C-D2B5CC00F50E}.Debug|Any CPU.Build.0 = Debug|Any CPU
		{3B285DCB-1610-4DD7-962C-D2B5CC00F50E}.Debug|x64.ActiveCfg = Debug|Any CPU
		{3B285DCB-1610-4DD7-962C-D2B5CC00F50E}.Debug|x64.Build.0 = Debug|Any CPU
		{3B285DCB-1610-4DD7-962C-D2B5CC00F50E}.Debug|x86.ActiveCfg = Debug|Any CPU
		{3B285DCB-1610-4DD7-962C-D2B5CC00F50E}.Debug|x86.Build.0 = Debug|Any CPU
		{3B285DCB-1610-4DD7-962C-D2B5CC00F50E}.Release|Any CPU.ActiveCfg = Release|Any CPU
		{3B285DCB-1610-4DD7-962C-D2B5CC00F50E}.Release|Any CPU.Build.0 = Release|Any CPU
		{3B285DCB-1610-4DD7-962C-D2B5CC00F50E}.Release|x64.ActiveCfg = Release|Any CPU
		{3B285DCB-1610-4DD7-962C-D2B5CC00F50E}.Release|x64.Build.0 = Release|Any CPU
		{3B285DCB-1610-4DD7-962C-D2B5CC00F50E}.Release|x86.ActiveCfg = Release|Any CPU
		{3B285DCB-1610-4DD7-962C-D2B5CC00F50E}.Release|x86.Build.0 = Release|Any CPU
		{01B3755D-E27A-45EB-85FD-18BEDF8DF49F}.Debug|Any CPU.ActiveCfg = Debug|Any CPU
		{01B3755D-E27A-45EB-85FD-18BEDF8DF49F}.Debug|Any CPU.Build.0 = Debug|Any CPU
		{01B3755D-E27A-45EB-85FD-18BEDF8DF49F}.Debug|x64.ActiveCfg = Debug|Any CPU
		{01B3755D-E27A-45EB-85FD-18BEDF8DF49F}.Debug|x64.Build.0 = Debug|Any CPU
		{01B3755D-E27A-45EB-85FD-18BEDF8DF49F}.Debug|x86.ActiveCfg = Debug|Any CPU
		{01B3755D-E27A-45EB-85FD-18BEDF8DF49F}.Debug|x86.Build.0 = Debug|Any CPU
		{01B3755D-E27A-45EB-85FD-18BEDF8DF49F}.Release|Any CPU.ActiveCfg = Release|Any CPU
		{01B3755D-E27A-45EB-85FD-18BEDF8DF49F}.Release|Any CPU.Build.0 = Release|Any CPU
		{01B3755D-E27A-45EB-85FD-18BEDF8DF49F}.Release|x64.ActiveCfg = Release|Any CPU
		{01B3755D-E27A-45EB-85FD-18BEDF8DF49F}.Release|x64.Build.0 = Release|Any CPU
		{01B3755D-E27A-45EB-85FD-18BEDF8DF49F}.Release|x86.ActiveCfg = Release|Any CPU
		{01B3755D-E27A-45EB-85FD-18BEDF8DF49F}.Release|x86.Build.0 = Release|Any CPU
		{788F945C-A446-4972-9F2F-5B2EB4C16A30}.Debug|Any CPU.ActiveCfg = Debug|Any CPU
		{788F945C-A446-4972-9F2F-5B2EB4C16A30}.Debug|Any CPU.Build.0 = Debug|Any CPU
		{788F945C-A446-4972-9F2F-5B2EB4C16A30}.Debug|x64.ActiveCfg = Debug|Any CPU
		{788F945C-A446-4972-9F2F-5B2EB4C16A30}.Debug|x64.Build.0 = Debug|Any CPU
		{788F945C-A446-4972-9F2F-5B2EB4C16A30}.Debug|x86.ActiveCfg = Debug|Any CPU
		{788F945C-A446-4972-9F2F-5B2EB4C16A30}.Debug|x86.Build.0 = Debug|Any CPU
		{788F945C-A446-4972-9F2F-5B2EB4C16A30}.Release|Any CPU.ActiveCfg = Release|Any CPU
		{788F945C-A446-4972-9F2F-5B2EB4C16A30}.Release|Any CPU.Build.0 = Release|Any CPU
		{788F945C-A446-4972-9F2F-5B2EB4C16A30}.Release|x64.ActiveCfg = Release|Any CPU
		{788F945C-A446-4972-9F2F-5B2EB4C16A30}.Release|x64.Build.0 = Release|Any CPU
		{788F945C-A446-4972-9F2F-5B2EB4C16A30}.Release|x86.ActiveCfg = Release|Any CPU
		{788F945C-A446-4972-9F2F-5B2EB4C16A30}.Release|x86.Build.0 = Release|Any CPU
		{86D85EB3-5B28-4D10-8DE0-976A34F40253}.Debug|Any CPU.ActiveCfg = Debug|Any CPU
		{86D85EB3-5B28-4D10-8DE0-976A34F40253}.Debug|Any CPU.Build.0 = Debug|Any CPU
		{86D85EB3-5B28-4D10-8DE0-976A34F40253}.Debug|x64.ActiveCfg = Debug|Any CPU
		{86D85EB3-5B28-4D10-8DE0-976A34F40253}.Debug|x64.Build.0 = Debug|Any CPU
		{86D85EB3-5B28-4D10-8DE0-976A34F40253}.Debug|x86.ActiveCfg = Debug|Any CPU
		{86D85EB3-5B28-4D10-8DE0-976A34F40253}.Debug|x86.Build.0 = Debug|Any CPU
		{86D85EB3-5B28-4D10-8DE0-976A34F40253}.Release|Any CPU.ActiveCfg = Release|Any CPU
		{86D85EB3-5B28-4D10-8DE0-976A34F40253}.Release|Any CPU.Build.0 = Release|Any CPU
		{86D85EB3-5B28-4D10-8DE0-976A34F40253}.Release|x64.ActiveCfg = Release|Any CPU
		{86D85EB3-5B28-4D10-8DE0-976A34F40253}.Release|x64.Build.0 = Release|Any CPU
		{86D85EB3-5B28-4D10-8DE0-976A34F40253}.Release|x86.ActiveCfg = Release|Any CPU
		{86D85EB3-5B28-4D10-8DE0-976A34F40253}.Release|x86.Build.0 = Release|Any CPU
		{AE7C9FAA-2D8E-45E4-B9DF-916A8627DB6E}.Debug|Any CPU.ActiveCfg = Debug|Any CPU
		{AE7C9FAA-2D8E-45E4-B9DF-916A8627DB6E}.Debug|Any CPU.Build.0 = Debug|Any CPU
		{AE7C9FAA-2D8E-45E4-B9DF-916A8627DB6E}.Debug|x64.ActiveCfg = Debug|Any CPU
		{AE7C9FAA-2D8E-45E4-B9DF-916A8627DB6E}.Debug|x64.Build.0 = Debug|Any CPU
		{AE7C9FAA-2D8E-45E4-B9DF-916A8627DB6E}.Debug|x86.ActiveCfg = Debug|Any CPU
		{AE7C9FAA-2D8E-45E4-B9DF-916A8627DB6E}.Debug|x86.Build.0 = Debug|Any CPU
		{AE7C9FAA-2D8E-45E4-B9DF-916A8627DB6E}.Release|Any CPU.ActiveCfg = Release|Any CPU
		{AE7C9FAA-2D8E-45E4-B9DF-916A8627DB6E}.Release|Any CPU.Build.0 = Release|Any CPU
		{AE7C9FAA-2D8E-45E4-B9DF-916A8627DB6E}.Release|x64.ActiveCfg = Release|Any CPU
		{AE7C9FAA-2D8E-45E4-B9DF-916A8627DB6E}.Release|x64.Build.0 = Release|Any CPU
		{AE7C9FAA-2D8E-45E4-B9DF-916A8627DB6E}.Release|x86.ActiveCfg = Release|Any CPU
		{AE7C9FAA-2D8E-45E4-B9DF-916A8627DB6E}.Release|x86.Build.0 = Release|Any CPU
		{59391D96-FA4C-488E-9236-34D8181729EE}.Debug|Any CPU.ActiveCfg = Debug|Any CPU
		{59391D96-FA4C-488E-9236-34D8181729EE}.Debug|Any CPU.Build.0 = Debug|Any CPU
		{59391D96-FA4C-488E-9236-34D8181729EE}.Debug|x64.ActiveCfg = Debug|Any CPU
		{59391D96-FA4C-488E-9236-34D8181729EE}.Debug|x64.Build.0 = Debug|Any CPU
		{59391D96-FA4C-488E-9236-34D8181729EE}.Debug|x86.ActiveCfg = Debug|Any CPU
		{59391D96-FA4C-488E-9236-34D8181729EE}.Debug|x86.Build.0 = Debug|Any CPU
		{59391D96-FA4C-488E-9236-34D8181729EE}.Release|Any CPU.ActiveCfg = Release|Any CPU
		{59391D96-FA4C-488E-9236-34D8181729EE}.Release|Any CPU.Build.0 = Release|Any CPU
		{59391D96-FA4C-488E-9236-34D8181729EE}.Release|x64.ActiveCfg = Release|Any CPU
		{59391D96-FA4C-488E-9236-34D8181729EE}.Release|x64.Build.0 = Release|Any CPU
		{59391D96-FA4C-488E-9236-34D8181729EE}.Release|x86.ActiveCfg = Release|Any CPU
		{59391D96-FA4C-488E-9236-34D8181729EE}.Release|x86.Build.0 = Release|Any CPU
		{B9E88A77-BFBB-43FC-86FB-5AC35EC4CE32}.Debug|Any CPU.ActiveCfg = Debug|Any CPU
		{B9E88A77-BFBB-43FC-86FB-5AC35EC4CE32}.Debug|Any CPU.Build.0 = Debug|Any CPU
		{B9E88A77-BFBB-43FC-86FB-5AC35EC4CE32}.Debug|x64.ActiveCfg = Debug|Any CPU
		{B9E88A77-BFBB-43FC-86FB-5AC35EC4CE32}.Debug|x64.Build.0 = Debug|Any CPU
		{B9E88A77-BFBB-43FC-86FB-5AC35EC4CE32}.Debug|x86.ActiveCfg = Debug|Any CPU
		{B9E88A77-BFBB-43FC-86FB-5AC35EC4CE32}.Debug|x86.Build.0 = Debug|Any CPU
		{B9E88A77-BFBB-43FC-86FB-5AC35EC4CE32}.Release|Any CPU.ActiveCfg = Release|Any CPU
		{B9E88A77-BFBB-43FC-86FB-5AC35EC4CE32}.Release|Any CPU.Build.0 = Release|Any CPU
		{B9E88A77-BFBB-43FC-86FB-5AC35EC4CE32}.Release|x64.ActiveCfg = Release|Any CPU
		{B9E88A77-BFBB-43FC-86FB-5AC35EC4CE32}.Release|x64.Build.0 = Release|Any CPU
		{B9E88A77-BFBB-43FC-86FB-5AC35EC4CE32}.Release|x86.ActiveCfg = Release|Any CPU
		{B9E88A77-BFBB-43FC-86FB-5AC35EC4CE32}.Release|x86.Build.0 = Release|Any CPU
	EndGlobalSection
	GlobalSection(SolutionProperties) = preSolution
		HideSolutionNode = FALSE
	EndGlobalSection
	GlobalSection(NestedProjects) = preSolution
		{6A47FD85-5B6F-4456-B7E7-AC8051C190DB} = {A3F99177-C1FA-46D8-ACD2-CEB35B598919}
		{A1128A4A-17E4-484D-BDF8-A6C11DCAE856} = {A3F99177-C1FA-46D8-ACD2-CEB35B598919}
		{5823DFA4-0249-4359-AA31-9A8F51C531E4} = {A3F99177-C1FA-46D8-ACD2-CEB35B598919}
		{C93EB8BE-F373-4728-834D-771D16021BF9} = {A3F99177-C1FA-46D8-ACD2-CEB35B598919}
		{8849D081-D5F0-4B86-9DD1-60D504132CBB} = {A3F99177-C1FA-46D8-ACD2-CEB35B598919}
		{4F3B7998-1494-4CCF-9255-47ADC625F6B5} = {A3F99177-C1FA-46D8-ACD2-CEB35B598919}
		{3B285DCB-1610-4DD7-962C-D2B5CC00F50E} = {A3F99177-C1FA-46D8-ACD2-CEB35B598919}
		{01B3755D-E27A-45EB-85FD-18BEDF8DF49F} = {A3F99177-C1FA-46D8-ACD2-CEB35B598919}
		{788F945C-A446-4972-9F2F-5B2EB4C16A30} = {A3F99177-C1FA-46D8-ACD2-CEB35B598919}
		{86D85EB3-5B28-4D10-8DE0-976A34F40253} = {A3F99177-C1FA-46D8-ACD2-CEB35B598919}
		{AE7C9FAA-2D8E-45E4-B9DF-916A8627DB6E} = {A3F99177-C1FA-46D8-ACD2-CEB35B598919}
		{59391D96-FA4C-488E-9236-34D8181729EE} = {A3F99177-C1FA-46D8-ACD2-CEB35B598919}
		{B9E88A77-BFBB-43FC-86FB-5AC35EC4CE32} = {A3F99177-C1FA-46D8-ACD2-CEB35B598919}
	EndGlobalSection
	GlobalSection(ExtensibilityGlobals) = postSolution
		SolutionGuid = {A74F1C22-AB8E-4C13-B64F-16F17AFBA354}
	EndGlobalSection
EndGlobal
